<Solution>
  <Folder Name="/src/">
    <Project Path="src/Workbench.Domain/Workbench.Domain.csproj" />
    <Project Path="src/Workbench.Client/Workbench.Client.csproj" />
    <Project Path="src/Workbench.Gateway/Workbench.Gateway.csproj" />
    <Project Path="src/Workbench.Runtime/Workbench.Runtime.csproj" />
  </Folder>
  <Folder Name="/tests/">
    <Project Path="tests/Workbench.Domain.L0Tests/Workbench.Domain.L0Tests.csproj" />
    <Project Path="tests/Workbench.Client.L0Tests/Workbench.Client.L0Tests.csproj" />
    <Project Path="tests/Workbench.Gateway.L0Tests/Workbench.Gateway.L0Tests.csproj" />
    <Project Path="tests/Workbench.Runtime.L0Tests/Workbench.Runtime.L0Tests.csproj" />
  </Folder>
  <Folder Name="/Workflows/">
    <File Path=".github/workflows/full-build.yml" />
    <File Path=".github/workflows/sonar-cloud.yml" />
  </Folder>
  <Folder Name="/Build/">
    <File Path="Directory.Build.props" />
    <File Path="Directory.Packages.props" />
    <File Path="global.json" />
  </Folder>
</Solution>
